// !$*UTF8*$!
{
	archiveVersion = 1;
	classes = {
	};
	objectVersion = 50;
	objects = {

/* Begin PBXBuildFile section */
		4AEDEAE124237616006AC8D2 /* brahms.mp3 in Resources */ = {isa = PBXBuildFile; fileRef = 4AEDEAE024237616006AC8D2 /* brahms.mp3 */; };
		4AEDEAE32424A56C006AC8D2 /* AudioPlayer.swift in Sources */ = {isa = PBXBuildFile; fileRef = 4AEDEAE22424A56C006AC8D2 /* AudioPlayer.swift */; };
		4AEDEAE524285905006AC8D2 /* MusicPlayerView.swift in Sources */ = {isa = PBXBuildFile; fileRef = 4AEDEAE424285905006AC8D2 /* MusicPlayerView.swift */; };
		4AEDEAE7242990A2006AC8D2 /* PlayerSlider.swift in Sources */ = {isa = PBXBuildFile; fileRef = 4AEDEAE6242990A2006AC8D2 /* PlayerSlider.swift */; };
		4AEDEAE92429A15A006AC8D2 /* PlayerControls.swift in Sources */ = {isa = PBXBuildFile; fileRef = 4AEDEAE82429A15A006AC8D2 /* PlayerControls.swift */; };
		4AEDEAED2429E453006AC8D2 /* SongListView.swift in Sources */ = {isa = PBXBuildFile; fileRef = 4AEDEAEC2429E453006AC8D2 /* SongListView.swift */; };
		4AFABDE724234EC80079A3FF /* AppDelegate.swift in Sources */ = {isa = PBXBuildFile; fileRef = 4AFABDE624234EC80079A3FF /* AppDelegate.swift */; };
		4AFABDE924234EC80079A3FF /* SceneDelegate.swift in Sources */ = {isa = PBXBuildFile; fileRef = 4AFABDE824234EC80079A3FF /* SceneDelegate.swift */; };
		4AFABDEB24234EC80079A3FF /* ContentView.swift in Sources */ = {isa = PBXBuildFile; fileRef = 4AFABDEA24234EC80079A3FF /* ContentView.swift */; };
		4AFABDED24234ED00079A3FF /* Assets.xcassets in Resources */ = {isa = PBXBuildFile; fileRef = 4AFABDEC24234ED00079A3FF /* Assets.xcassets */; };
		4AFABDF024234ED00079A3FF /* Preview Assets.xcassets in Resources */ = {isa = PBXBuildFile; fileRef = 4AFABDEF24234ED00079A3FF /* Preview Assets.xcassets */; };
		4AFABDF324234ED00079A3FF /* LaunchScreen.storyboard in Resources */ = {isa = PBXBuildFile; fileRef = 4AFABDF124234ED00079A3FF /* LaunchScreen.storyboard */; };
		4AFABDFB24234F7D0079A3FF /* Extension.swift in Sources */ = {isa = PBXBuildFile; fileRef = 4AFABDFA24234F7D0079A3FF /* Extension.swift */; };
		4AFABDFF24235D940079A3FF /* beethoven.mp3 in Resources */ = {isa = PBXBuildFile; fileRef = 4AFABDFC24235D930079A3FF /* beethoven.mp3 */; };
		4AFABE0024235D940079A3FF /* chopin.wav in Resources */ = {isa = PBXBuildFile; fileRef = 4AFABDFD24235D930079A3FF /* chopin.wav */; };
		4AFABE0124235D940079A3FF /* bach.mp3 in Resources */ = {isa = PBXBuildFile; fileRef = 4AFABDFE24235D930079A3FF /* bach.mp3 */; };
/* End PBXBuildFile section */

/* Begin PBXFileReference section */
		4AEDEAE024237616006AC8D2 /* brahms.mp3 */ = {isa = PBXFileReference; lastKnownFileType = audio.mp3; name = brahms.mp3; path = ../../../../../Downloads/brahms.mp3; sourceTree = "<group>"; };
		4AEDEAE22424A56C006AC8D2 /* AudioPlayer.swift */ = {isa = PBXFileReference; lastKnownFileType = sourcecode.swift; path = AudioPlayer.swift; sourceTree = "<group>"; };
		4AEDEAE424285905006AC8D2 /* MusicPlayerView.swift */ = {isa = PBXFileReference; lastKnownFileType = sourcecode.swift; path = MusicPlayerView.swift; sourceTree = "<group>"; };
		4AEDEAE6242990A2006AC8D2 /* PlayerSlider.swift */ = {isa = PBXFileReference; lastKnownFileType = sourcecode.swift; path = PlayerSlider.swift; sourceTree = "<group>"; };
		4AEDEAE82429A15A006AC8D2 /* PlayerControls.swift */ = {isa = PBXFileReference; lastKnownFileType = sourcecode.swift; path = PlayerControls.swift; sourceTree = "<group>"; };
		4AEDEAEC2429E453006AC8D2 /* SongListView.swift */ = {isa = PBXFileReference; lastKnownFileType = sourcecode.swift; path = SongListView.swift; sourceTree = "<group>"; };
		4AFABDE324234EC80079A3FF /* MusicPlayer.app */ = {isa = PBXFileReference; explicitFileType = wrapper.application; includeInIndex = 0; path = MusicPlayer.app; sourceTree = BUILT_PRODUCTS_DIR; };
		4AFABDE624234EC80079A3FF /* AppDelegate.swift */ = {isa = PBXFileReference; lastKnownFileType = sourcecode.swift; path = AppDelegate.swift; sourceTree = "<group>"; };
		4AFABDE824234EC80079A3FF /* SceneDelegate.swift */ = {isa = PBXFileReference; lastKnownFileType = sourcecode.swift; path = SceneDelegate.swift; sourceTree = "<group>"; };
		4AFABDEA24234EC80079A3FF /* ContentView.swift */ = {isa = PBXFileReference; lastKnownFileType = sourcecode.swift; path = ContentView.swift; sourceTree = "<group>"; };
		4AFABDEC24234ED00079A3FF /* Assets.xcassets */ = {isa = PBXFileReference; lastKnownFileType = folder.assetcatalog; path = Assets.xcassets; sourceTree = "<group>"; };
		4AFABDEF24234ED00079A3FF /* Preview Assets.xcassets */ = {isa = PBXFileReference; lastKnownFileType = folder.assetcatalog; path = "Preview Assets.xcassets"; sourceTree = "<group>"; };
		4AFABDF224234ED00079A3FF /* Base */ = {isa = PBXFileReference; lastKnownFileType = file.storyboard; name = Base; path = Base.lproj/LaunchScreen.storyboard; sourceTree = "<group>"; };
		4AFABDF424234ED00079A3FF /* Info.plist */ = {isa = PBXFileReference; lastKnownFileType = text.plist.xml; path = Info.plist; sourceTree = "<group>"; };
		4AFABDFA24234F7D0079A3FF /* Extension.swift */ = {isa = PBXFileReference; lastKnownFileType = sourcecode.swift; path = Extension.swift; sourceTree = "<group>"; };
		4AFABDFC24235D930079A3FF /* beethoven.mp3 */ = {isa = PBXFileReference; lastKnownFileType = audio.mp3; name = beethoven.mp3; path = ../../../../../Downloads/beethoven.mp3; sourceTree = "<group>"; };
		4AFABDFD24235D930079A3FF /* chopin.wav */ = {isa = PBXFileReference; lastKnownFileType = audio.wav; name = chopin.wav; path = ../../../../../Downloads/chopin.wav; sourceTree = "<group>"; };
		4AFABDFE24235D930079A3FF /* bach.mp3 */ = {isa = PBXFileReference; lastKnownFileType = audio.mp3; name = bach.mp3; path = ../../../../../Downloads/bach.mp3; sourceTree = "<group>"; };
/* End PBXFileReference section */

/* Begin PBXFrameworksBuildPhase section */
		4AFABDE024234EC80079A3FF /* Frameworks */ = {
			isa = PBXFrameworksBuildPhase;
			buildActionMask = 2147483647;
			files = (
			);
			runOnlyForDeploymentPostprocessing = 0;
		};
/* End PBXFrameworksBuildPhase section */

/* Begin PBXGroup section */
		4AFABDDA24234EC80079A3FF = {
			isa = PBXGroup;
			children = (
				4AFABDE524234EC80079A3FF /* MusicPlayer */,
				4AFABDE424234EC80079A3FF /* Products */,
			);
			sourceTree = "<group>";
		};
		4AFABDE424234EC80079A3FF /* Products */ = {
			isa = PBXGroup;
			children = (
				4AFABDE324234EC80079A3FF /* MusicPlayer.app */,
			);
			name = Products;
			sourceTree = "<group>";
		};
		4AFABDE524234EC80079A3FF /* MusicPlayer */ = {
			isa = PBXGroup;
			children = (
				4AEDEAE024237616006AC8D2 /* brahms.mp3 */,
				4AFABDFE24235D930079A3FF /* bach.mp3 */,
				4AFABDFC24235D930079A3FF /* beethoven.mp3 */,
				4AFABDFD24235D930079A3FF /* chopin.wav */,
				4AFABDE624234EC80079A3FF /* AppDelegate.swift */,
				4AFABDE824234EC80079A3FF /* SceneDelegate.swift */,
				4AFABDEA24234EC80079A3FF /* ContentView.swift */,
				4AEDEAE424285905006AC8D2 /* MusicPlayerView.swift */,
				4AEDEAE6242990A2006AC8D2 /* PlayerSlider.swift */,
				4AFABDFA24234F7D0079A3FF /* Extension.swift */,
				4AEDEAE22424A56C006AC8D2 /* AudioPlayer.swift */,
				4AFABDEC24234ED00079A3FF /* Assets.xcassets */,
				4AFABDF124234ED00079A3FF /* LaunchScreen.storyboard */,
				4AFABDF424234ED00079A3FF /* Info.plist */,
				4AFABDEE24234ED00079A3FF /* Preview Content */,
				4AEDEAE82429A15A006AC8D2 /* PlayerControls.swift */,
				4AEDEAEC2429E453006AC8D2 /* SongListView.swift */,
			);
			path = MusicPlayer;
			sourceTree = "<group>";
		};
		4AFABDEE24234ED00079A3FF /* Preview Content */ = {
			isa = PBXGroup;
			children = (
				4AFABDEF24234ED00079A3FF /* Preview Assets.xcassets */,
			);
			path = "Preview Content";
			sourceTree = "<group>";
		};
/* End PBXGroup section */

/* Begin PBXNativeTarget section */
		4AFABDE224234EC80079A3FF /* MusicPlayer */ = {
			isa = PBXNativeTarget;
			buildConfigurationList = 4AFABDF724234ED00079A3FF /* Build configuration list for PBXNativeTarget "MusicPlayer" */;
			buildPhases = (
				4AFABDDF24234EC80079A3FF /* Sources */,
				4AFABDE024234EC80079A3FF /* Frameworks */,
				4AFABDE124234EC80079A3FF /* Resources */,
			);
			buildRules = (
			);
			dependencies = (
			);
			name = MusicPlayer;
			productName = MusicPlayer;
			productReference = 4AFABDE324234EC80079A3FF /* MusicPlayer.app */;
			productType = "com.apple.product-type.application";
		};
/* End PBXNativeTarget section */

/* Begin PBXProject section */
		4AFABDDB24234EC80079A3FF /* Project object */ = {
			isa = PBXProject;
			attributes = {
				LastSwiftUpdateCheck = 1130;
				LastUpgradeCheck = 1130;
				ORGANIZATIONNAME = saipurush;
				TargetAttributes = {
					4AFABDE224234EC80079A3FF = {
						CreatedOnToolsVersion = 11.3.1;
					};
				};
			};
			buildConfigurationList = 4AFABDDE24234EC80079A3FF /* Build configuration list for PBXProject "MusicPlayer" */;
			compatibilityVersion = "Xcode 9.3";
			developmentRegion = en;
			hasScannedForEncodings = 0;
			knownRegions = (
				en,
				Base,
			);
			mainGroup = 4AFABDDA24234EC80079A3FF;
			productRefGroup = 4AFABDE424234EC80079A3FF /* Products */;
			projectDirPath = "";
			projectRoot = "";
			targets = (
				4AFABDE224234EC80079A3FF /* MusicPlayer */,
			);
		};
/* End PBXProject section */

/* Begin PBXResourcesBuildPhase section */
		4AFABDE124234EC80079A3FF /* Resources */ = {
			isa = PBXResourcesBuildPhase;
			buildActionMask = 2147483647;
			files = (
				4AEDEAE124237616006AC8D2 /* brahms.mp3 in Resources */,
				4AFABDF324234ED00079A3FF /* LaunchScreen.storyboard in Resources */,
				4AFABDF024234ED00079A3FF /* Preview Assets.xcassets in Resources */,
				4AFABE0124235D940079A3FF /* bach.mp3 in Resources */,
				4AFABDED24234ED00079A3FF /* Assets.xcassets in Resources */,
				4AFABDFF24235D940079A3FF /* beethoven.mp3 in Resources */,
				4AFABE0024235D940079A3FF /* chopin.wav in Resources */,
			);
			runOnlyForDeploymentPostprocessing = 0;
		};
/* End PBXResourcesBuildPhase section */

/* Begin PBXSourcesBuildPhase section */
		4AFABDDF24234EC80079A3FF /* Sources */ = {
			isa = PBXSourcesBuildPhase;
			buildActionMask = 2147483647;
			files = (
				4AEDEAE92429A15A006AC8D2 /* PlayerControls.swift in Sources */,
				4AFABDE724234EC80079A3FF /* AppDelegate.swift in Sources */,
				4AFABDE924234EC80079A3FF /* SceneDelegate.swift in Sources */,
				4AEDEAE32424A56C006AC8D2 /* AudioPlayer.swift in Sources */,
				4AEDEAE524285905006AC8D2 /* MusicPlayerView.swift in Sources */,
				4AFABDEB24234EC80079A3FF /* ContentView.swift in Sources */,
				4AEDEAE7242990A2006AC8D2 /* PlayerSlider.swift in Sources */,
				4AEDEAED2429E453006AC8D2 /* SongListView.swift in Sources */,
				4AFABDFB24234F7D0079A3FF /* Extension.swift in Sources */,
			);
			runOnlyForDeploymentPostprocessing = 0;
		};
/* End PBXSourcesBuildPhase section */

/* Begin PBXVariantGroup section */
		4AFABDF124234ED00079A3FF /* LaunchScreen.storyboard */ = {
			isa = PBXVariantGroup;
			children = (
				4AFABDF224234ED00079A3FF /* Base */,
			);
			name = LaunchScreen.storyboard;
			sourceTree = "<group>";
		};
/* End PBXVariantGroup section */

/* Begin XCBuildConfiguration section */
		4AFABDF524234ED00079A3FF /* Debug */ = {
			isa = XCBuildConfiguration;
			buildSettings = {
				ALWAYS_SEARCH_USER_PATHS = NO;
				CLANG_ANALYZER_NONNULL = YES;
				CLANG_ANALYZER_NUMBER_OBJECT_CONVERSION = YES_AGGRESSIVE;
				CLANG_CXX_LANGUAGE_STANDARD = "gnu++14";
				CLANG_CXX_LIBRARY = "libc++";
				CLANG_ENABLE_MODULES = YES;
				CLANG_ENABLE_OBJC_ARC = YES;
				CLANG_ENABLE_OBJC_WEAK = YES;
				CLANG_WARN_BLOCK_CAPTURE_AUTORELEASING = YES;
				CLANG_WARN_BOOL_CONVERSION = YES;
				CLANG_WARN_COMMA = YES;
				CLANG_WARN_CONSTANT_CONVERSION = YES;
				CLANG_WARN_DEPRECATED_OBJC_IMPLEMENTATIONS = YES;
				CLANG_WARN_DIRECT_OBJC_ISA_USAGE = YES_ERROR;
				CLANG_WARN_DOCUMENTATION_COMMENTS = YES;
				CLANG_WARN_EMPTY_BODY = YES;
				CLANG_WARN_ENUM_CONVERSION = YES;
				CLANG_WARN_INFINITE_RECURSION = YES;
				CLANG_WARN_INT_CONVERSION = YES;
				CLANG_WARN_NON_LITERAL_NULL_CONVERSION = YES;
				CLANG_WARN_OBJC_IMPLICIT_RETAIN_SELF = YES;
				CLANG_WARN_OBJC_LITERAL_CONVERSION = YES;
				CLANG_WARN_OBJC_ROOT_CLASS = YES_ERROR;
				CLANG_WARN_RANGE_LOOP_ANALYSIS = YES;
				CLANG_WARN_STRICT_PROTOTYPES = YES;
				CLANG_WARN_SUSPICIOUS_MOVE = YES;
				CLANG_WARN_UNGUARDED_AVAILABILITY = YES_AGGRESSIVE;
				CLANG_WARN_UNREACHABLE_CODE = YES;
				CLANG_WARN__DUPLICATE_METHOD_MATCH = YES;
				COPY_PHASE_STRIP = NO;
				DEBUG_INFORMATION_FORMAT = dwarf;
				ENABLE_STRICT_OBJC_MSGSEND = YES;
				ENABLE_TESTABILITY = YES;
				GCC_C_LANGUAGE_STANDARD = gnu11;
				GCC_DYNAMIC_NO_PIC = NO;
				GCC_NO_COMMON_BLOCKS = YES;
				GCC_OPTIMIZATION_LEVEL = 0;
				GCC_PREPROCESSOR_DEFINITIONS = (
					"DEBUG=1",
					"$(inherited)",
				);
				GCC_WARN_64_TO_32_BIT_CONVERSION = YES;
				GCC_WARN_ABOUT_RETURN_TYPE = YES_ERROR;
				GCC_WARN_UNDECLARED_SELECTOR = YES;
				GCC_WARN_UNINITIALIZED_AUTOS = YES_AGGRESSIVE;
				GCC_WARN_UNUSED_FUNCTION = YES;
				GCC_WARN_UNUSED_VARIABLE = YES;
				IPHONEOS_DEPLOYMENT_TARGET = 13.2;
				MTL_ENABLE_DEBUG_INFO = INCLUDE_SOURCE;
				MTL_FAST_MATH = YES;
				ONLY_ACTIVE_ARCH = YES;
				SDKROOT = iphoneos;
				SWIFT_ACTIVE_COMPILATION_CONDITIONS = DEBUG;
				SWIFT_OPTIMIZATION_LEVEL = "-Onone";
			};
			name = Debug;
		};
		4AFABDF624234ED00079A3FF /* Release */ = {
			isa = XCBuildConfiguration;
			buildSettings = {
				ALWAYS_SEARCH_USER_PATHS = NO;
				CLANG_ANALYZER_NONNULL = YES;
				CLANG_ANALYZER_NUMBER_OBJECT_CONVERSION = YES_AGGRESSIVE;
				CLANG_CXX_LANGUAGE_STANDARD = "gnu++14";
				CLANG_CXX_LIBRARY = "libc++";
				CLANG_ENABLE_MODULES = YES;
				CLANG_ENABLE_OBJC_ARC = YES;
				CLANG_ENABLE_OBJC_WEAK = YES;
				CLANG_WARN_BLOCK_CAPTURE_AUTORELEASING = YES;
				CLANG_WARN_BOOL_CONVERSION = YES;
				CLANG_WARN_COMMA = YES;
				CLANG_WARN_CONSTANT_CONVERSION = YES;
				CLANG_WARN_DEPRECATED_OBJC_IMPLEMENTATIONS = YES;
				CLANG_WARN_DIRECT_OBJC_ISA_USAGE = YES_ERROR;
				CLANG_WARN_DOCUMENTATION_COMMENTS = YES;
				CLANG_WARN_EMPTY_BODY = YES;
				CLANG_WARN_ENUM_CONVERSION = YES;
				CLANG_WARN_INFINITE_RECURSION = YES;
				CLANG_WARN_INT_CONVERSION = YES;
				CLANG_WARN_NON_LITERAL_NULL_CONVERSION = YES;
				CLANG_WARN_OBJC_IMPLICIT_RETAIN_SELF = YES;
				CLANG_WARN_OBJC_LITERAL_CONVERSION = YES;
				CLANG_WARN_OBJC_ROOT_CLASS = YES_ERROR;
				CLANG_WARN_RANGE_LOOP_ANALYSIS = YES;
				CLANG_WARN_STRICT_PROTOTYPES = YES;
				CLANG_WARN_SUSPICIOUS_MOVE = YES;
				CLANG_WARN_UNGUARDED_AVAILABILITY = YES_AGGRESSIVE;
				CLANG_WARN_UNREACHABLE_CODE = YES;
				CLANG_WARN__DUPLICATE_METHOD_MATCH = YES;
				COPY_PHASE_STRIP = NO;
				DEBUG_INFORMATION_FORMAT = "dwarf-with-dsym";
				ENABLE_NS_ASSERTIONS = NO;
				ENABLE_STRICT_OBJC_MSGSEND = YES;
				GCC_C_LANGUAGE_STANDARD = gnu11;
				GCC_NO_COMMON_BLOCKS = YES;
				GCC_WARN_64_TO_32_BIT_CONVERSION = YES;
				GCC_WARN_ABOUT_RETURN_TYPE = YES_ERROR;
				GCC_WARN_UNDECLARED_SELECTOR = YES;
				GCC_WARN_UNINITIALIZED_AUTOS = YES_AGGRESSIVE;
				GCC_WARN_UNUSED_FUNCTION = YES;
				GCC_WARN_UNUSED_VARIABLE = YES;
				IPHONEOS_DEPLOYMENT_TARGET = 13.2;
				MTL_ENABLE_DEBUG_INFO = NO;
				MTL_FAST_MATH = YES;
				SDKROOT = iphoneos;
				SWIFT_COMPILATION_MODE = wholemodule;
				SWIFT_OPTIMIZATION_LEVEL = "-O";
				VALIDATE_PRODUCT = YES;
			};
			name = Release;
		};
		4AFABDF824234ED00079A3FF /* Debug */ = {
			isa = XCBuildConfiguration;
			buildSettings = {
				ASSETCATALOG_COMPILER_APPICON_NAME = AppIcon;
				CODE_SIGN_STYLE = Automatic;
				DEVELOPMENT_ASSET_PATHS = "\"MusicPlayer/Preview Content\"";
				DEVELOPMENT_TEAM = 9TP2EB4BYX;
				ENABLE_PREVIEWS = YES;
				INFOPLIST_FILE = MusicPlayer/Info.plist;
				LD_RUNPATH_SEARCH_PATHS = (
					"$(inherited)",
					"@executable_path/Frameworks",
				);
				PRODUCT_BUNDLE_IDENTIFIER = com.saipurush.MusicPlayer;
				PRODUCT_NAME = "$(TARGET_NAME)";
				SWIFT_VERSION = 5.0;
				TARGETED_DEVICE_FAMILY = "1,2";
			};
			name = Debug;
		};
		4AFABDF924234ED00079A3FF /* Release */ = {
			isa = XCBuildConfiguration;
			buildSettings = {
				ASSETCATALOG_COMPILER_APPICON_NAME = AppIcon;
				CODE_SIGN_STYLE = Automatic;
				DEVELOPMENT_ASSET_PATHS = "\"MusicPlayer/Preview Content\"";
				DEVELOPMENT_TEAM = 9TP2EB4BYX;
				ENABLE_PREVIEWS = YES;
				INFOPLIST_FILE = MusicPlayer/Info.plist;
				LD_RUNPATH_SEARCH_PATHS = (
					"$(inherited)",
					"@executable_path/Frameworks",
				);
				PRODUCT_BUNDLE_IDENTIFIER = com.saipurush.MusicPlayer;
				PRODUCT_NAME = "$(TARGET_NAME)";
				SWIFT_VERSION = 5.0;
				TARGETED_DEVICE_FAMILY = "1,2";
			};
			name = Release;
		};
/* End XCBuildConfiguration section */

/* Begin XCConfigurationList section */
		4AFABDDE24234EC80079A3FF /* Build configuration list for PBXProject "MusicPlayer" */ = {
			isa = XCConfigurationList;
			buildConfigurations = (
				4AFABDF524234ED00079A3FF /* Debug */,
				4AFABDF624234ED00079A3FF /* Release */,
			);
			defaultConfigurationIsVisible = 0;
			defaultConfigurationName = Release;
		};
		4AFABDF724234ED00079A3FF /* Build configuration list for PBXNativeTarget "MusicPlayer" */ = {
			isa = XCConfigurationList;
			buildConfigurations = (
				4AFABDF824234ED00079A3FF /* Debug */,
				4AFABDF924234ED00079A3FF /* Release */,
			);
			defaultConfigurationIsVisible = 0;
			defaultConfigurationName = Release;
		};
/* End XCConfigurationList section */
	};
	rootObject = 4AFABDDB24234EC80079A3FF /* Project object */;
}
